
Microsoft Visual Studio Solution File, Format Version 12.00
# Visual Studio Version 17
VisualStudioVersion = 17.5.002.0
MinimumVisualStudioVersion = 10.0.40219.1
Project("{9A19103F-16F7-4668-BE54-9A1E7A4F7556}") = "P002", "P002.csproj", "{2157B459-A2E0-4FEE-A777-B449B00FC6E3}"
EndProject
Global
	GlobalSection(SolutionConfigurationPlatforms) = preSolution
		Debug|Any CPU = Debug|Any CPU
		Release|Any CPU = Release|Any CPU
	EndGlobalSection
	GlobalSection(ProjectConfigurationPlatforms) = postSolution
		{2157B459-A2E0-4FEE-A777-B449B00FC6E3}.Debug|Any CPU.ActiveCfg = Debug|Any CPU
		{2157B459-A2E0-4FEE-A777-B449B00FC6E3}.Debug|Any CPU.Build.0 = Debug|Any CPU
		{2157B459-A2E0-4FEE-A777-B449B00FC6E3}.Release|Any CPU.ActiveCfg = Release|Any CPU
		{2157B459-A2E0-4FEE-A777-B449B00FC6E3}.Release|Any CPU.Build.0 = Release|Any CPU
	EndGlobalSection
	GlobalSection(SolutionProperties) = preSolution
		HideSolutionNode = FALSE
	EndGlobalSection
	GlobalSection(ExtensibilityGlobals) = postSolution
		SolutionGuid = {FA68A850-8087-43E8-8D36-EF1D16E47CAC}
	EndGlobalSection
EndGlobal
